
Microsoft Visual Studio Solution File, Format Version 12.00
# Visual Studio Version 16
VisualStudioVersion = 16.0.30611.23
MinimumVisualStudioVersion = 10.0.40219.1
Project("{FAE04EC0-301F-11D3-BF4B-00C04F79EFBC}") = "DudeTaser", "DudeTaser.csproj", "{BF16B050-08DB-4201-AF1C-94365C907F03}"
EndProject
Global
	GlobalSection(SolutionConfigurationPlatforms) = preSolution
		Debug|Any CPU = Debug|Any CPU
		Release|Any CPU = Release|Any CPU
	EndGlobalSection
	GlobalSection(ProjectConfigurationPlatforms) = postSolution
		{BF16B050-08DB-4201-AF1C-94365C907F03}.Debug|Any CPU.ActiveCfg = Debug|Any CPU
		{BF16B050-08DB-4201-AF1C-94365C907F03}.Debug|Any CPU.Build.0 = Debug|Any CPU
		{BF16B050-08DB-4201-AF1C-94365C907F03}.Release|Any CPU.ActiveCfg = Release|Any CPU
		{BF16B050-08DB-4201-AF1C-94365C907F03}.Release|Any CPU.Build.0 = Release|Any CPU
	EndGlobalSection
	GlobalSection(SolutionProperties) = preSolution
		HideSolutionNode = FALSE
	EndGlobalSection
	GlobalSection(ExtensibilityGlobals) = postSolution
		SolutionGuid = {850F878A-923E-4E82-A9D0-6083CFA87853}
	EndGlobalSection
EndGlobal
